
Microsoft Visual Studio Solution File, Format Version 12.00
# Visual Studio Version 16
VisualStudioVersion = 16.0.31911.196
MinimumVisualStudioVersion = 10.0.40219.1
Project("{FAE04EC0-301F-11D3-BF4B-00C04F79EFBC}") = "Task 21", "Task 21\Task 21.csproj", "{3EA2F1FA-D1F1-4668-8C99-8C83CCF3B7D4}"
EndProject
Global
	GlobalSection(SolutionConfigurationPlatforms) = preSolution
		Debug|Any CPU = Debug|Any CPU
		Release|Any CPU = Release|Any CPU
	EndGlobalSection
	GlobalSection(ProjectConfigurationPlatforms) = postSolution
		{3EA2F1FA-D1F1-4668-8C99-8C83CCF3B7D4}.Debug|Any CPU.ActiveCfg = Debug|Any CPU
		{3EA2F1FA-D1F1-4668-8C99-8C83CCF3B7D4}.Debug|Any CPU.Build.0 = Debug|Any CPU
		{3EA2F1FA-D1F1-4668-8C99-8C83CCF3B7D4}.Release|Any CPU.ActiveCfg = Release|Any CPU
		{3EA2F1FA-D1F1-4668-8C99-8C83CCF3B7D4}.Release|Any CPU.Build.0 = Release|Any CPU
	EndGlobalSection
	GlobalSection(SolutionProperties) = preSolution
		HideSolutionNode = FALSE
	EndGlobalSection
	GlobalSection(ExtensibilityGlobals) = postSolution
		SolutionGuid = {4BC703A0-1E69-4AD4-8128-4F6DB4F53076}
	EndGlobalSection
EndGlobal
